{
  "requires": true,
  "lockfileVersion": 1,
  "dependencies": {
    "mdui": {
      "version": "0.4.3",
      "resolved": "https://registry.npm.taobao.org/mdui/download/mdui-0.4.3.tgz"
    },
    "typescript": {
      "version": "3.6.3",
      "resolved": "https://registry.npmjs.org/typescript/-/typescript-3.6.3.tgz",
      "integrity": "sha512-N7bceJL1CtRQ2RiG0AQME13ksR7DiuQh/QehubYcghzv20tnh+MQnQIuJddTmsbqYj+dztchykemz0zFzlvdQw==",
      "dev": true
    },
    "vue": {
      "version": "2.6.10",
      "resolved": "https://registry.npm.taobao.org/vue/download/vue-2.6.10.tgz"
    }
  }
}
